// !$*UTF8*$!
{
	archiveVersion = 1;
	classes = {
	};
	objectVersion = 51;
	objects = {

/* Begin PBXBuildFile section */
		143A77A424D8DA3A002E0F92 /* CustomTableViewCell.swift in Sources */ = {isa = PBXBuildFile; fileRef = 143A77A224D8DA3A002E0F92 /* CustomTableViewCell.swift */; };
		143A77A524D8DA3A002E0F92 /* CustomTableViewCell.xib in Resources */ = {isa = PBXBuildFile; fileRef = 143A77A324D8DA3A002E0F92 /* CustomTableViewCell.xib */; };
		14AE600D2472AEFB000D8258 /* AddNoteViewController.swift in Sources */ = {isa = PBXBuildFile; fileRef = 14AE600C2472AEFB000D8258 /* AddNoteViewController.swift */; };
		14B316AC2471D64C00F4D03D /* AppDelegate.swift in Sources */ = {isa = PBXBuildFile; fileRef = 14B316AB2471D64C00F4D03D /* AppDelegate.swift */; };
		14B316B12471D64C00F4D03D /* Main.storyboard in Resources */ = {isa = PBXBuildFile; fileRef = 14B316AF2471D64C00F4D03D /* Main.storyboard */; };
		14B316B32471D64D00F4D03D /* Assets.xcassets in Resources */ = {isa = PBXBuildFile; fileRef = 14B316B22471D64D00F4D03D /* Assets.xcassets */; };
		14B316B62471D64D00F4D03D /* LaunchScreen.storyboard in Resources */ = {isa = PBXBuildFile; fileRef = 14B316B42471D64D00F4D03D /* LaunchScreen.storyboard */; };
		14B316BE2471D77000F4D03D /* GoogleService-Info.plist in Resources */ = {isa = PBXBuildFile; fileRef = 14B316BD2471D77000F4D03D /* GoogleService-Info.plist */; };
		14B316C02471DAA000F4D03D /* NoteViewController.swift in Sources */ = {isa = PBXBuildFile; fileRef = 14B316BF2471DAA000F4D03D /* NoteViewController.swift */; };
		14B316C72471DF4D00F4D03D /* FirebaseRepo.swift in Sources */ = {isa = PBXBuildFile; fileRef = 14B316C62471DF4D00F4D03D /* FirebaseRepo.swift */; };
		14B316CC2471E4DE00F4D03D /* Note.swift in Sources */ = {isa = PBXBuildFile; fileRef = 14B316CB2471E4DE00F4D03D /* Note.swift */; };
		14B316CE2471F59500F4D03D /* AuthManager.swift in Sources */ = {isa = PBXBuildFile; fileRef = 14B316CD2471F59500F4D03D /* AuthManager.swift */; };
		14B316D02471F65C00F4D03D /* LoginViewController.swift in Sources */ = {isa = PBXBuildFile; fileRef = 14B316CF2471F65C00F4D03D /* LoginViewController.swift */; };
		14B316D32472002000F4D03D /* ViewController.swift in Sources */ = {isa = PBXBuildFile; fileRef = 14B316D22472002000F4D03D /* ViewController.swift */; };
		14B316D5247203B100F4D03D /* RegisterViewController.swift in Sources */ = {isa = PBXBuildFile; fileRef = 14B316D4247203B000F4D03D /* RegisterViewController.swift */; };
		D5F73BDC8D42DA6038984B98 /* Pods_MyPersonalNotes.framework in Frameworks */ = {isa = PBXBuildFile; fileRef = 9E1607D4E7D98A20696B51A3 /* Pods_MyPersonalNotes.framework */; };
/* End PBXBuildFile section */

/* Begin PBXFileReference section */
		143A77A224D8DA3A002E0F92 /* CustomTableViewCell.swift */ = {isa = PBXFileReference; lastKnownFileType = sourcecode.swift; path = CustomTableViewCell.swift; sourceTree = "<group>"; };
		143A77A324D8DA3A002E0F92 /* CustomTableViewCell.xib */ = {isa = PBXFileReference; lastKnownFileType = file.xib; path = CustomTableViewCell.xib; sourceTree = "<group>"; };
		14AE600C2472AEFB000D8258 /* AddNoteViewController.swift */ = {isa = PBXFileReference; lastKnownFileType = sourcecode.swift; path = AddNoteViewController.swift; sourceTree = "<group>"; };
		14B316A82471D64C00F4D03D /* MyPersonalNotes.app */ = {isa = PBXFileReference; explicitFileType = wrapper.application; includeInIndex = 0; path = MyPersonalNotes.app; sourceTree = BUILT_PRODUCTS_DIR; };
		14B316AB2471D64C00F4D03D /* AppDelegate.swift */ = {isa = PBXFileReference; lastKnownFileType = sourcecode.swift; path = AppDelegate.swift; sourceTree = "<group>"; };
		14B316B02471D64C00F4D03D /* Base */ = {isa = PBXFileReference; lastKnownFileType = file.storyboard; name = Base; path = Base.lproj/Main.storyboard; sourceTree = "<group>"; };
		14B316B22471D64D00F4D03D /* Assets.xcassets */ = {isa = PBXFileReference; lastKnownFileType = folder.assetcatalog; path = Assets.xcassets; sourceTree = "<group>"; };
		14B316B52471D64D00F4D03D /* Base */ = {isa = PBXFileReference; lastKnownFileType = file.storyboard; name = Base; path = Base.lproj/LaunchScreen.storyboard; sourceTree = "<group>"; };
		14B316B72471D64D00F4D03D /* Info.plist */ = {isa = PBXFileReference; lastKnownFileType = text.plist.xml; path = Info.plist; sourceTree = "<group>"; };
		14B316BD2471D77000F4D03D /* GoogleService-Info.plist */ = {isa = PBXFileReference; fileEncoding = 4; lastKnownFileType = text.plist.xml; path = "GoogleService-Info.plist"; sourceTree = "<group>"; };
		14B316BF2471DAA000F4D03D /* NoteViewController.swift */ = {isa = PBXFileReference; lastKnownFileType = sourcecode.swift; path = NoteViewController.swift; sourceTree = "<group>"; };
		14B316C62471DF4D00F4D03D /* FirebaseRepo.swift */ = {isa = PBXFileReference; lastKnownFileType = sourcecode.swift; path = FirebaseRepo.swift; sourceTree = "<group>"; };
		14B316CB2471E4DE00F4D03D /* Note.swift */ = {isa = PBXFileReference; lastKnownFileType = sourcecode.swift; path = Note.swift; sourceTree = "<group>"; };
		14B316CD2471F59500F4D03D /* AuthManager.swift */ = {isa = PBXFileReference; lastKnownFileType = sourcecode.swift; path = AuthManager.swift; sourceTree = "<group>"; };
		14B316CF2471F65C00F4D03D /* LoginViewController.swift */ = {isa = PBXFileReference; lastKnownFileType = sourcecode.swift; path = LoginViewController.swift; sourceTree = "<group>"; };
		14B316D22472002000F4D03D /* ViewController.swift */ = {isa = PBXFileReference; lastKnownFileType = sourcecode.swift; path = ViewController.swift; sourceTree = "<group>"; };
		14B316D4247203B000F4D03D /* RegisterViewController.swift */ = {isa = PBXFileReference; lastKnownFileType = sourcecode.swift; path = RegisterViewController.swift; sourceTree = "<group>"; };
		387769E497F12A76C389E24E /* Pods-MyPersonalNotes.release.xcconfig */ = {isa = PBXFileReference; includeInIndex = 1; lastKnownFileType = text.xcconfig; name = "Pods-MyPersonalNotes.release.xcconfig"; path = "Target Support Files/Pods-MyPersonalNotes/Pods-MyPersonalNotes.release.xcconfig"; sourceTree = "<group>"; };
		9A317698938F3E7829E89160 /* Pods-MyPersonalNotes.debug.xcconfig */ = {isa = PBXFileReference; includeInIndex = 1; lastKnownFileType = text.xcconfig; name = "Pods-MyPersonalNotes.debug.xcconfig"; path = "Target Support Files/Pods-MyPersonalNotes/Pods-MyPersonalNotes.debug.xcconfig"; sourceTree = "<group>"; };
		9E1607D4E7D98A20696B51A3 /* Pods_MyPersonalNotes.framework */ = {isa = PBXFileReference; explicitFileType = wrapper.framework; includeInIndex = 0; path = Pods_MyPersonalNotes.framework; sourceTree = BUILT_PRODUCTS_DIR; };
/* End PBXFileReference section */

/* Begin PBXFrameworksBuildPhase section */
		14B316A52471D64C00F4D03D /* Frameworks */ = {
			isa = PBXFrameworksBuildPhase;
			buildActionMask = 2147483647;
			files = (
				D5F73BDC8D42DA6038984B98 /* Pods_MyPersonalNotes.framework in Frameworks */,
			);
			runOnlyForDeploymentPostprocessing = 0;
		};
/* End PBXFrameworksBuildPhase section */

/* Begin PBXGroup section */
		14B3169F2471D64C00F4D03D = {
			isa = PBXGroup;
			children = (
				14B316AA2471D64C00F4D03D /* MyPersonalNotes */,
				14B316A92471D64C00F4D03D /* Products */,
				DAD8514D933AD7863F02F9A1 /* Pods */,
				B03A5EB2C3FFA19139F27544 /* Frameworks */,
			);
			sourceTree = "<group>";
		};
		14B316A92471D64C00F4D03D /* Products */ = {
			isa = PBXGroup;
			children = (
				14B316A82471D64C00F4D03D /* MyPersonalNotes.app */,
			);
			name = Products;
			sourceTree = "<group>";
		};
		14B316AA2471D64C00F4D03D /* MyPersonalNotes */ = {
			isa = PBXGroup;
			children = (
				14B316D12471FFE900F4D03D /* views */,
				14B316C32471DDA200F4D03D /* firebase */,
				14B316C82471E4C100F4D03D /* models */,
				14B316AB2471D64C00F4D03D /* AppDelegate.swift */,
				14B316AF2471D64C00F4D03D /* Main.storyboard */,
				14B316B22471D64D00F4D03D /* Assets.xcassets */,
				14B316B42471D64D00F4D03D /* LaunchScreen.storyboard */,
				14B316BD2471D77000F4D03D /* GoogleService-Info.plist */,
				14B316B72471D64D00F4D03D /* Info.plist */,
				143A77A224D8DA3A002E0F92 /* CustomTableViewCell.swift */,
				143A77A324D8DA3A002E0F92 /* CustomTableViewCell.xib */,
			);
			path = MyPersonalNotes;
			sourceTree = "<group>";
		};
		14B316C32471DDA200F4D03D /* firebase */ = {
			isa = PBXGroup;
			children = (
				14B316C62471DF4D00F4D03D /* FirebaseRepo.swift */,
				14B316CD2471F59500F4D03D /* AuthManager.swift */,
			);
			path = firebase;
			sourceTree = "<group>";
		};
		14B316C82471E4C100F4D03D /* models */ = {
			isa = PBXGroup;
			children = (
				14B316CB2471E4DE00F4D03D /* Note.swift */,
			);
			path = models;
			sourceTree = "<group>";
		};
		14B316D12471FFE900F4D03D /* views */ = {
			isa = PBXGroup;
			children = (
				14B316CF2471F65C00F4D03D /* LoginViewController.swift */,
				14B316BF2471DAA000F4D03D /* NoteViewController.swift */,
				14B316D22472002000F4D03D /* ViewController.swift */,
				14B316D4247203B000F4D03D /* RegisterViewController.swift */,
				14AE600C2472AEFB000D8258 /* AddNoteViewController.swift */,
			);
			path = views;
			sourceTree = "<group>";
		};
		B03A5EB2C3FFA19139F27544 /* Frameworks */ = {
			isa = PBXGroup;
			children = (
				9E1607D4E7D98A20696B51A3 /* Pods_MyPersonalNotes.framework */,
			);
			name = Frameworks;
			sourceTree = "<group>";
		};
		DAD8514D933AD7863F02F9A1 /* Pods */ = {
			isa = PBXGroup;
			children = (
				9A317698938F3E7829E89160 /* Pods-MyPersonalNotes.debug.xcconfig */,
				387769E497F12A76C389E24E /* Pods-MyPersonalNotes.release.xcconfig */,
			);
			path = Pods;
			sourceTree = "<group>";
		};
/* End PBXGroup section */

/* Begin PBXNativeTarget section */
		14B316A72471D64C00F4D03D /* MyPersonalNotes */ = {
			isa = PBXNativeTarget;
			buildConfigurationList = 14B316BA2471D64D00F4D03D /* Build configuration list for PBXNativeTarget "MyPersonalNotes" */;
			buildPhases = (
				C85ED11C4311FDAB42D4F91D /* [CP] Check Pods Manifest.lock */,
				14B316A42471D64C00F4D03D /* Sources */,
				14B316A52471D64C00F4D03D /* Frameworks */,
				14B316A62471D64C00F4D03D /* Resources */,
				A918BEFDC4BFDB2640FD40CA /* [CP] Embed Pods Frameworks */,
			);
			buildRules = (
			);
			dependencies = (
			);
			name = MyPersonalNotes;
			productName = MyPersonalNotes;
			productReference = 14B316A82471D64C00F4D03D /* MyPersonalNotes.app */;
			productType = "com.apple.product-type.application";
		};
/* End PBXNativeTarget section */

/* Begin PBXProject section */
		14B316A02471D64C00F4D03D /* Project object */ = {
			isa = PBXProject;
			attributes = {
				LastSwiftUpdateCheck = 1000;
				LastUpgradeCheck = 1000;
				ORGANIZATIONNAME = "Patrick Nymark";
				TargetAttributes = {
					14B316A72471D64C00F4D03D = {
						CreatedOnToolsVersion = 10.0;
					};
				};
			};
			buildConfigurationList = 14B316A32471D64C00F4D03D /* Build configuration list for PBXProject "MyPersonalNotes" */;
			compatibilityVersion = "Xcode 9.3";
			developmentRegion = en;
			hasScannedForEncodings = 0;
			knownRegions = (
				en,
				Base,
			);
			mainGroup = 14B3169F2471D64C00F4D03D;
			productRefGroup = 14B316A92471D64C00F4D03D /* Products */;
			projectDirPath = "";
			projectRoot = "";
			targets = (
				14B316A72471D64C00F4D03D /* MyPersonalNotes */,
			);
		};
/* End PBXProject section */

/* Begin PBXResourcesBuildPhase section */
		14B316A62471D64C00F4D03D /* Resources */ = {
			isa = PBXResourcesBuildPhase;
			buildActionMask = 2147483647;
			files = (
				14B316B62471D64D00F4D03D /* LaunchScreen.storyboard in Resources */,
				14B316BE2471D77000F4D03D /* GoogleService-Info.plist in Resources */,
				14B316B32471D64D00F4D03D /* Assets.xcassets in Resources */,
				143A77A524D8DA3A002E0F92 /* CustomTableViewCell.xib in Resources */,
				14B316B12471D64C00F4D03D /* Main.storyboard in Resources */,
			);
			runOnlyForDeploymentPostprocessing = 0;
		};
/* End PBXResourcesBuildPhase section */

/* Begin PBXShellScriptBuildPhase section */
		A918BEFDC4BFDB2640FD40CA /* [CP] Embed Pods Frameworks */ = {
			isa = PBXShellScriptBuildPhase;
			buildActionMask = 2147483647;
			files = (
			);
			inputFileListPaths = (
				"${PODS_ROOT}/Target Support Files/Pods-MyPersonalNotes/Pods-MyPersonalNotes-frameworks-${CONFIGURATION}-input-files.xcfilelist",
			);
			name = "[CP] Embed Pods Frameworks";
			outputFileListPaths = (
				"${PODS_ROOT}/Target Support Files/Pods-MyPersonalNotes/Pods-MyPersonalNotes-frameworks-${CONFIGURATION}-output-files.xcfilelist",
			);
			runOnlyForDeploymentPostprocessing = 0;
			shellPath = /bin/sh;
			shellScript = "\"${PODS_ROOT}/Target Support Files/Pods-MyPersonalNotes/Pods-MyPersonalNotes-frameworks.sh\"\n";
			showEnvVarsInLog = 0;
		};
		C85ED11C4311FDAB42D4F91D /* [CP] Check Pods Manifest.lock */ = {
			isa = PBXShellScriptBuildPhase;
			buildActionMask = 2147483647;
			files = (
			);
			inputFileListPaths = (
			);
			inputPaths = (
				"${PODS_PODFILE_DIR_PATH}/Podfile.lock",
				"${PODS_ROOT}/Manifest.lock",
			);
			name = "[CP] Check Pods Manifest.lock";
			outputFileListPaths = (
			);
			outputPaths = (
				"$(DERIVED_FILE_DIR)/Pods-MyPersonalNotes-checkManifestLockResult.txt",
			);
			runOnlyForDeploymentPostprocessing = 0;
			shellPath = /bin/sh;
			shellScript = "diff \"${PODS_PODFILE_DIR_PATH}/Podfile.lock\" \"${PODS_ROOT}/Manifest.lock\" > /dev/null\nif [ $? != 0 ] ; then\n    # print error to STDERR\n    echo \"error: The sandbox is not in sync with the Podfile.lock. Run 'pod install' or update your CocoaPods installation.\" >&2\n    exit 1\nfi\n# This output is used by Xcode 'outputs' to avoid re-running this script phase.\necho \"SUCCESS\" > \"${SCRIPT_OUTPUT_FILE_0}\"\n";
			showEnvVarsInLog = 0;
		};
/* End PBXShellScriptBuildPhase section */

/* Begin PBXSourcesBuildPhase section */
		14B316A42471D64C00F4D03D /* Sources */ = {
			isa = PBXSourcesBuildPhase;
			buildActionMask = 2147483647;
			files = (
				14B316D5247203B100F4D03D /* RegisterViewController.swift in Sources */,
				14B316CC2471E4DE00F4D03D /* Note.swift in Sources */,
				143A77A424D8DA3A002E0F92 /* CustomTableViewCell.swift in Sources */,
				14B316CE2471F59500F4D03D /* AuthManager.swift in Sources */,
				14B316C72471DF4D00F4D03D /* FirebaseRepo.swift in Sources */,
				14B316D02471F65C00F4D03D /* LoginViewController.swift in Sources */,
				14B316C02471DAA000F4D03D /* NoteViewController.swift in Sources */,
				14B316AC2471D64C00F4D03D /* AppDelegate.swift in Sources */,
				14B316D32472002000F4D03D /* ViewController.swift in Sources */,
				14AE600D2472AEFB000D8258 /* AddNoteViewController.swift in Sources */,
			);
			runOnlyForDeploymentPostprocessing = 0;
		};
/* End PBXSourcesBuildPhase section */

/* Begin PBXVariantGroup section */
		14B316AF2471D64C00F4D03D /* Main.storyboard */ = {
			isa = PBXVariantGroup;
			children = (
				14B316B02471D64C00F4D03D /* Base */,
			);
			name = Main.storyboard;
			sourceTree = "<group>";
		};
		14B316B42471D64D00F4D03D /* LaunchScreen.storyboard */ = {
			isa = PBXVariantGroup;
			children = (
				14B316B52471D64D00F4D03D /* Base */,
			);
			name = LaunchScreen.storyboard;
			sourceTree = "<group>";
		};
/* End PBXVariantGroup section */

/* Begin XCBuildConfiguration section */
		14B316B82471D64D00F4D03D /* Debug */ = {
			isa = XCBuildConfiguration;
			buildSettings = {
				ALWAYS_SEARCH_USER_PATHS = NO;
				CLANG_ANALYZER_NONNULL = YES;
				CLANG_ANALYZER_NUMBER_OBJECT_CONVERSION = YES_AGGRESSIVE;
				CLANG_CXX_LANGUAGE_STANDARD = "gnu++14";
				CLANG_CXX_LIBRARY = "libc++";
				CLANG_ENABLE_MODULES = YES;
				CLANG_ENABLE_OBJC_ARC = YES;
				CLANG_ENABLE_OBJC_WEAK = YES;
				CLANG_WARN_BLOCK_CAPTURE_AUTORELEASING = YES;
				CLANG_WARN_BOOL_CONVERSION = YES;
				CLANG_WARN_COMMA = YES;
				CLANG_WARN_CONSTANT_CONVERSION = YES;
				CLANG_WARN_DEPRECATED_OBJC_IMPLEMENTATIONS = YES;
				CLANG_WARN_DIRECT_OBJC_ISA_USAGE = YES_ERROR;
				CLANG_WARN_DOCUMENTATION_COMMENTS = YES;
				CLANG_WARN_EMPTY_BODY = YES;
				CLANG_WARN_ENUM_CONVERSION = YES;
				CLANG_WARN_INFINITE_RECURSION = YES;
				CLANG_WARN_INT_CONVERSION = YES;
				CLANG_WARN_NON_LITERAL_NULL_CONVERSION = YES;
				CLANG_WARN_OBJC_IMPLICIT_RETAIN_SELF = YES;
				CLANG_WARN_OBJC_LITERAL_CONVERSION = YES;
				CLANG_WARN_OBJC_ROOT_CLASS = YES_ERROR;
				CLANG_WARN_RANGE_LOOP_ANALYSIS = YES;
				CLANG_WARN_STRICT_PROTOTYPES = YES;
				CLANG_WARN_SUSPICIOUS_MOVE = YES;
				CLANG_WARN_UNGUARDED_AVAILABILITY = YES_AGGRESSIVE;
				CLANG_WARN_UNREACHABLE_CODE = YES;
				CLANG_WARN__DUPLICATE_METHOD_MATCH = YES;
				CODE_SIGN_IDENTITY = "iPhone Developer";
				COPY_PHASE_STRIP = NO;
				DEBUG_INFORMATION_FORMAT = dwarf;
				ENABLE_STRICT_OBJC_MSGSEND = YES;
				ENABLE_TESTABILITY = YES;
				GCC_C_LANGUAGE_STANDARD = gnu11;
				GCC_DYNAMIC_NO_PIC = NO;
				GCC_NO_COMMON_BLOCKS = YES;
				GCC_OPTIMIZATION_LEVEL = 0;
				GCC_PREPROCESSOR_DEFINITIONS = (
					"DEBUG=1",
					"$(inherited)",
				);
				GCC_WARN_64_TO_32_BIT_CONVERSION = YES;
				GCC_WARN_ABOUT_RETURN_TYPE = YES_ERROR;
				GCC_WARN_UNDECLARED_SELECTOR = YES;
				GCC_WARN_UNINITIALIZED_AUTOS = YES_AGGRESSIVE;
				GCC_WARN_UNUSED_FUNCTION = YES;
				GCC_WARN_UNUSED_VARIABLE = YES;
				IPHONEOS_DEPLOYMENT_TARGET = 12.0;
				MTL_ENABLE_DEBUG_INFO = INCLUDE_SOURCE;
				MTL_FAST_MATH = YES;
				ONLY_ACTIVE_ARCH = YES;
				SDKROOT = iphoneos;
				SWIFT_ACTIVE_COMPILATION_CONDITIONS = DEBUG;
				SWIFT_OPTIMIZATION_LEVEL = "-Onone";
			};
			name = Debug;
		};
		14B316B92471D64D00F4D03D /* Release */ = {
			isa = XCBuildConfiguration;
			buildSettings = {
				ALWAYS_SEARCH_USER_PATHS = NO;
				CLANG_ANALYZER_NONNULL = YES;
				CLANG_ANALYZER_NUMBER_OBJECT_CONVERSION = YES_AGGRESSIVE;
				CLANG_CXX_LANGUAGE_STANDARD = "gnu++14";
				CLANG_CXX_LIBRARY = "libc++";
				CLANG_ENABLE_MODULES = YES;
				CLANG_ENABLE_OBJC_ARC = YES;
				CLANG_ENABLE_OBJC_WEAK = YES;
				CLANG_WARN_BLOCK_CAPTURE_AUTORELEASING = YES;
				CLANG_WARN_BOOL_CONVERSION = YES;
				CLANG_WARN_COMMA = YES;
				CLANG_WARN_CONSTANT_CONVERSION = YES;
				CLANG_WARN_DEPRECATED_OBJC_IMPLEMENTATIONS = YES;
				CLANG_WARN_DIRECT_OBJC_ISA_USAGE = YES_ERROR;
				CLANG_WARN_DOCUMENTATION_COMMENTS = YES;
				CLANG_WARN_EMPTY_BODY = YES;
				CLANG_WARN_ENUM_CONVERSION = YES;
				CLANG_WARN_INFINITE_RECURSION = YES;
				CLANG_WARN_INT_CONVERSION = YES;
				CLANG_WARN_NON_LITERAL_NULL_CONVERSION = YES;
				CLANG_WARN_OBJC_IMPLICIT_RETAIN_SELF = YES;
				CLANG_WARN_OBJC_LITERAL_CONVERSION = YES;
				CLANG_WARN_OBJC_ROOT_CLASS = YES_ERROR;
				CLANG_WARN_RANGE_LOOP_ANALYSIS = YES;
				CLANG_WARN_STRICT_PROTOTYPES = YES;
				CLANG_WARN_SUSPICIOUS_MOVE = YES;
				CLANG_WARN_UNGUARDED_AVAILABILITY = YES_AGGRESSIVE;
				CLANG_WARN_UNREACHABLE_CODE = YES;
				CLANG_WARN__DUPLICATE_METHOD_MATCH = YES;
				CODE_SIGN_IDENTITY = "iPhone Developer";
				COPY_PHASE_STRIP = NO;
				DEBUG_INFORMATION_FORMAT = "dwarf-with-dsym";
				ENABLE_NS_ASSERTIONS = NO;
				ENABLE_STRICT_OBJC_MSGSEND = YES;
				GCC_C_LANGUAGE_STANDARD = gnu11;
				GCC_NO_COMMON_BLOCKS = YES;
				GCC_WARN_64_TO_32_BIT_CONVERSION = YES;
				GCC_WARN_ABOUT_RETURN_TYPE = YES_ERROR;
				GCC_WARN_UNDECLARED_SELECTOR = YES;
				GCC_WARN_UNINITIALIZED_AUTOS = YES_AGGRESSIVE;
				GCC_WARN_UNUSED_FUNCTION = YES;
				GCC_WARN_UNUSED_VARIABLE = YES;
				IPHONEOS_DEPLOYMENT_TARGET = 12.0;
				MTL_ENABLE_DEBUG_INFO = NO;
				MTL_FAST_MATH = YES;
				SDKROOT = iphoneos;
				SWIFT_COMPILATION_MODE = wholemodule;
				SWIFT_OPTIMIZATION_LEVEL = "-O";
				VALIDATE_PRODUCT = YES;
			};
			name = Release;
		};
		14B316BB2471D64D00F4D03D /* Debug */ = {
			isa = XCBuildConfiguration;
			baseConfigurationReference = 9A317698938F3E7829E89160 /* Pods-MyPersonalNotes.debug.xcconfig */;
			buildSettings = {
				ASSETCATALOG_COMPILER_APPICON_NAME = AppIcon;
				CODE_SIGN_STYLE = Automatic;
				DEVELOPMENT_TEAM = PGVK2CD73Z;
				INFOPLIST_FILE = MyPersonalNotes/Info.plist;
				LD_RUNPATH_SEARCH_PATHS = (
					"$(inherited)",
					"@executable_path/Frameworks",
				);
				PRODUCT_BUNDLE_IDENTIFIER = com.patricknymark.MyPersonalNotes;
				PRODUCT_NAME = "$(TARGET_NAME)";
				SWIFT_VERSION = 4.2;
				TARGETED_DEVICE_FAMILY = "1,2";
			};
			name = Debug;
		};
		14B316BC2471D64D00F4D03D /* Release */ = {
			isa = XCBuildConfiguration;
			baseConfigurationReference = 387769E497F12A76C389E24E /* Pods-MyPersonalNotes.release.xcconfig */;
			buildSettings = {
				ASSETCATALOG_COMPILER_APPICON_NAME = AppIcon;
				CODE_SIGN_STYLE = Automatic;
				DEVELOPMENT_TEAM = PGVK2CD73Z;
				INFOPLIST_FILE = MyPersonalNotes/Info.plist;
				LD_RUNPATH_SEARCH_PATHS = (
					"$(inherited)",
					"@executable_path/Frameworks",
				);
				PRODUCT_BUNDLE_IDENTIFIER = com.patricknymark.MyPersonalNotes;
				PRODUCT_NAME = "$(TARGET_NAME)";
				SWIFT_VERSION = 4.2;
				TARGETED_DEVICE_FAMILY = "1,2";
			};
			name = Release;
		};
/* End XCBuildConfiguration section */

/* Begin XCConfigurationList section */
		14B316A32471D64C00F4D03D /* Build configuration list for PBXProject "MyPersonalNotes" */ = {
			isa = XCConfigurationList;
			buildConfigurations = (
				14B316B82471D64D00F4D03D /* Debug */,
				14B316B92471D64D00F4D03D /* Release */,
			);
			defaultConfigurationIsVisible = 0;
			defaultConfigurationName = Release;
		};
		14B316BA2471D64D00F4D03D /* Build configuration list for PBXNativeTarget "MyPersonalNotes" */ = {
			isa = XCConfigurationList;
			buildConfigurations = (
				14B316BB2471D64D00F4D03D /* Debug */,
				14B316BC2471D64D00F4D03D /* Release */,
			);
			defaultConfigurationIsVisible = 0;
			defaultConfigurationName = Release;
		};
/* End XCConfigurationList section */
	};
	rootObject = 14B316A02471D64C00F4D03D /* Project object */;
}
